
Microsoft Visual Studio Solution File, Format Version 12.00
Project("{FAE04EC0-301F-11D3-BF4B-00C04F79EFBC}") = "Messenger", "Messenger\Messenger.csproj", "{84B4CAEF-4972-4C2C-9C0D-1307B17392F3}"
EndProject
Project("{FAE04EC0-301F-11D3-BF4B-00C04F79EFBC}") = "LoadTest", "LoadTest\LoadTest.csproj", "{DD105C03-D0AD-4840-B8D3-D22FED5A2299}"
EndProject
Global
	GlobalSection(SolutionConfigurationPlatforms) = preSolution
		Debug|Any CPU = Debug|Any CPU
		Release|Any CPU = Release|Any CPU
	EndGlobalSection
	GlobalSection(ProjectConfigurationPlatforms) = postSolution
		{84B4CAEF-4972-4C2C-9C0D-1307B17392F3}.Debug|Any CPU.ActiveCfg = Debug|Any CPU
		{84B4CAEF-4972-4C2C-9C0D-1307B17392F3}.Debug|Any CPU.Build.0 = Debug|Any CPU
		{84B4CAEF-4972-4C2C-9C0D-1307B17392F3}.Release|Any CPU.ActiveCfg = Release|Any CPU
		{84B4CAEF-4972-4C2C-9C0D-1307B17392F3}.Release|Any CPU.Build.0 = Release|Any CPU
		{DD105C03-D0AD-4840-B8D3-D22FED5A2299}.Debug|Any CPU.ActiveCfg = Debug|Any CPU
		{DD105C03-D0AD-4840-B8D3-D22FED5A2299}.Debug|Any CPU.Build.0 = Debug|Any CPU
		{DD105C03-D0AD-4840-B8D3-D22FED5A2299}.Release|Any CPU.ActiveCfg = Release|Any CPU
		{DD105C03-D0AD-4840-B8D3-D22FED5A2299}.Release|Any CPU.Build.0 = Release|Any CPU
	EndGlobalSection
EndGlobal
